
Microsoft Visual Studio Solution File, Format Version 12.00
# Visual Studio Version 17
VisualStudioVersion = 17.1.32421.90
MinimumVisualStudioVersion = 10.0.40219.1
Project("{9A19103F-16F7-4668-BE54-9A1E7A4F7556}") = "CegsLL6", "CegsLL6.csproj", "{438C502D-749C-41AA-AE66-8ED561485820}"
EndProject
Project("{9A19103F-16F7-4668-BE54-9A1E7A4F7556}") = "AeonHacs.Core", "..\AeonHacs.Core\AeonHacs.Core.csproj", "{892EFDFB-62F0-4787-9AD9-7F22F28F97EA}"
EndProject
Project("{9A19103F-16F7-4668-BE54-9A1E7A4F7556}") = "AeonHacs.Wpf", "..\AeonHacs.Wpf\AeonHacs.Wpf.csproj", "{8C746767-FC30-4F7C-A9E6-C99B9276E440}"
EndProject
Global
	GlobalSection(SolutionConfigurationPlatforms) = preSolution
		Debug|Any CPU = Debug|Any CPU
		Release|Any CPU = Release|Any CPU
	EndGlobalSection
	GlobalSection(ProjectConfigurationPlatforms) = postSolution
		{438C502D-749C-41AA-AE66-8ED561485820}.Debug|Any CPU.ActiveCfg = Debug|Any CPU
		{438C502D-749C-41AA-AE66-8ED561485820}.Debug|Any CPU.Build.0 = Debug|Any CPU
		{438C502D-749C-41AA-AE66-8ED561485820}.Release|Any CPU.ActiveCfg = Release|Any CPU
		{438C502D-749C-41AA-AE66-8ED561485820}.Release|Any CPU.Build.0 = Release|Any CPU
		{892EFDFB-62F0-4787-9AD9-7F22F28F97EA}.Debug|Any CPU.ActiveCfg = Debug|Any CPU
		{892EFDFB-62F0-4787-9AD9-7F22F28F97EA}.Debug|Any CPU.Build.0 = Debug|Any CPU
		{892EFDFB-62F0-4787-9AD9-7F22F28F97EA}.Release|Any CPU.ActiveCfg = Release|Any CPU
		{892EFDFB-62F0-4787-9AD9-7F22F28F97EA}.Release|Any CPU.Build.0 = Release|Any CPU
		{8C746767-FC30-4F7C-A9E6-C99B9276E440}.Debug|Any CPU.ActiveCfg = Debug|Any CPU
		{8C746767-FC30-4F7C-A9E6-C99B9276E440}.Debug|Any CPU.Build.0 = Debug|Any CPU
		{8C746767-FC30-4F7C-A9E6-C99B9276E440}.Release|Any CPU.ActiveCfg = Release|Any CPU
		{8C746767-FC30-4F7C-A9E6-C99B9276E440}.Release|Any CPU.Build.0 = Release|Any CPU
	EndGlobalSection
	GlobalSection(SolutionProperties) = preSolution
		HideSolutionNode = FALSE
	EndGlobalSection
	GlobalSection(ExtensibilityGlobals) = postSolution
		SolutionGuid = {FA143AF4-F587-45FC-A4D8-96D86FDAE2A9}
	EndGlobalSection
EndGlobal
